
Microsoft Visual Studio Solution File, Format Version 12.00
# Visual Studio 15
VisualStudioVersion = 15.0.27004.2002
MinimumVisualStudioVersion = 10.0.40219.1
Project("{FAE04EC0-301F-11D3-BF4B-00C04F79EFBC}") = "Cargo_system_01", "Cargo_system_01\Cargo_system_01.csproj", "{A310F5FC-F1A5-49E5-A649-1AF2DE0485B5}"
EndProject
Global
	GlobalSection(SolutionConfigurationPlatforms) = preSolution
		Debug|Any CPU = Debug|Any CPU
		Release|Any CPU = Release|Any CPU
	EndGlobalSection
	GlobalSection(ProjectConfigurationPlatforms) = postSolution
		{A310F5FC-F1A5-49E5-A649-1AF2DE0485B5}.Debug|Any CPU.ActiveCfg = Debug|Any CPU
		{A310F5FC-F1A5-49E5-A649-1AF2DE0485B5}.Debug|Any CPU.Build.0 = Debug|Any CPU
		{A310F5FC-F1A5-49E5-A649-1AF2DE0485B5}.Release|Any CPU.ActiveCfg = Release|Any CPU
		{A310F5FC-F1A5-49E5-A649-1AF2DE0485B5}.Release|Any CPU.Build.0 = Release|Any CPU
	EndGlobalSection
	GlobalSection(SolutionProperties) = preSolution
		HideSolutionNode = FALSE
	EndGlobalSection
	GlobalSection(ExtensibilityGlobals) = postSolution
		SolutionGuid = {D400093A-FF04-49FB-BE5A-81E066CEB61F}
	EndGlobalSection
EndGlobal
